
Microsoft Visual Studio Solution File, Format Version 12.00
# Visual Studio Version 16
VisualStudioVersion = 16.0.30523.141
MinimumVisualStudioVersion = 10.0.40219.1
Project("{FAE04EC0-301F-11D3-BF4B-00C04F79EFBC}") = "TextEncryptionLib", "TextEncryptionLib\TextEncryptionLib.csproj", "{4FCA5C94-8215-43A7-900A-D03A7B17FB2E}"
EndProject
Project("{FAE04EC0-301F-11D3-BF4B-00C04F79EFBC}") = "TestTextEncryption", "TestTextEncryption\TestTextEncryption.csproj", "{96488F4E-1BE8-4D45-AA4F-9FEC0CB98E46}"
EndProject
Global
	GlobalSection(SolutionConfigurationPlatforms) = preSolution
		Debug|Any CPU = Debug|Any CPU
		Release|Any CPU = Release|Any CPU
	EndGlobalSection
	GlobalSection(ProjectConfigurationPlatforms) = postSolution
		{4FCA5C94-8215-43A7-900A-D03A7B17FB2E}.Debug|Any CPU.ActiveCfg = Debug|Any CPU
		{4FCA5C94-8215-43A7-900A-D03A7B17FB2E}.Debug|Any CPU.Build.0 = Debug|Any CPU
		{4FCA5C94-8215-43A7-900A-D03A7B17FB2E}.Release|Any CPU.ActiveCfg = Release|Any CPU
		{4FCA5C94-8215-43A7-900A-D03A7B17FB2E}.Release|Any CPU.Build.0 = Release|Any CPU
		{96488F4E-1BE8-4D45-AA4F-9FEC0CB98E46}.Debug|Any CPU.ActiveCfg = Debug|Any CPU
		{96488F4E-1BE8-4D45-AA4F-9FEC0CB98E46}.Debug|Any CPU.Build.0 = Debug|Any CPU
		{96488F4E-1BE8-4D45-AA4F-9FEC0CB98E46}.Release|Any CPU.ActiveCfg = Release|Any CPU
		{96488F4E-1BE8-4D45-AA4F-9FEC0CB98E46}.Release|Any CPU.Build.0 = Release|Any CPU
	EndGlobalSection
	GlobalSection(SolutionProperties) = preSolution
		HideSolutionNode = FALSE
	EndGlobalSection
	GlobalSection(ExtensibilityGlobals) = postSolution
		SolutionGuid = {A024B8AB-7CFE-45F0-9260-75F20F01FDB0}
	EndGlobalSection
EndGlobal
